
Microsoft Visual Studio Solution File, Format Version 12.00
# Visual Studio Version 16
VisualStudioVersion = 16.0.32228.343
MinimumVisualStudioVersion = 10.0.40219.1
Project("{FAE04EC0-301F-11D3-BF4B-00C04F79EFBC}") = "ConsoleApppSeymur", "ConsoleApppSeymur\ConsoleApppSeymur.csproj", "{291A0A83-7E7D-49EE-9FAB-393C4A40D4FA}"
EndProject
Global
	GlobalSection(SolutionConfigurationPlatforms) = preSolution
		Debug|Any CPU = Debug|Any CPU
		Release|Any CPU = Release|Any CPU
	EndGlobalSection
	GlobalSection(ProjectConfigurationPlatforms) = postSolution
		{291A0A83-7E7D-49EE-9FAB-393C4A40D4FA}.Debug|Any CPU.ActiveCfg = Debug|Any CPU
		{291A0A83-7E7D-49EE-9FAB-393C4A40D4FA}.Debug|Any CPU.Build.0 = Debug|Any CPU
		{291A0A83-7E7D-49EE-9FAB-393C4A40D4FA}.Release|Any CPU.ActiveCfg = Release|Any CPU
		{291A0A83-7E7D-49EE-9FAB-393C4A40D4FA}.Release|Any CPU.Build.0 = Release|Any CPU
	EndGlobalSection
	GlobalSection(SolutionProperties) = preSolution
		HideSolutionNode = FALSE
	EndGlobalSection
	GlobalSection(ExtensibilityGlobals) = postSolution
		SolutionGuid = {F89651DE-470F-49C2-9882-3B74AF87C44C}
	EndGlobalSection
EndGlobal
